
Microsoft Visual Studio Solution File, Format Version 12.00
# Visual Studio Version 17
VisualStudioVersion = 17.12.35514.174
MinimumVisualStudioVersion = 10.0.40219.1
Project("{FAE04EC0-301F-11D3-BF4B-00C04F79EFBC}") = "PL", "Bakery_Management\PL.csproj", "{B9EDAA66-30ED-4A9F-B209-0D662673200A}"
EndProject
Project("{FAE04EC0-301F-11D3-BF4B-00C04F79EFBC}") = "BL", "BL\BL.csproj", "{C707D366-5595-4472-A45B-72C9E826D538}"
EndProject
Project("{FAE04EC0-301F-11D3-BF4B-00C04F79EFBC}") = "DL", "DL\DL.csproj", "{E587D267-EC89-4541-B949-06501CF5C955}"
EndProject
Project("{FAE04EC0-301F-11D3-BF4B-00C04F79EFBC}") = "TL", "TL\TL.csproj", "{499C8C21-8DD3-4D23-848F-A8A222C1DE3A}"
EndProject
Project("{2150E333-8FDC-42A3-9474-1A3956D46DE8}") = "Solution Items", "Solution Items", "{424CE704-E741-4E68-B30F-C49081F42257}"
	ProjectSection(SolutionItems) = preProject
		AddStaff.sql = AddStaff.sql
		DeleteCategory.sql = DeleteCategory.sql
		DeleteStaff.sql = DeleteStaff.sql
		DeleteProduct.sql = DeleteProduct.sql
		GetStaff.sql = GetStaff.sql
		UpdateCategory.sql = UpdateCategory.sql
		UpdateProduct.sql = UpdateProduct.sql
		UpdateStaff.sql = UpdateStaff.sql
	EndProjectSection
EndProject
Global
	GlobalSection(SolutionConfigurationPlatforms) = preSolution
		Debug|Any CPU = Debug|Any CPU
		Release|Any CPU = Release|Any CPU
	EndGlobalSection
	GlobalSection(ProjectConfigurationPlatforms) = postSolution
		{B9EDAA66-30ED-4A9F-B209-0D662673200A}.Debug|Any CPU.ActiveCfg = Debug|Any CPU
		{B9EDAA66-30ED-4A9F-B209-0D662673200A}.Debug|Any CPU.Build.0 = Debug|Any CPU
		{B9EDAA66-30ED-4A9F-B209-0D662673200A}.Release|Any CPU.ActiveCfg = Release|Any CPU
		{B9EDAA66-30ED-4A9F-B209-0D662673200A}.Release|Any CPU.Build.0 = Release|Any CPU
		{C707D366-5595-4472-A45B-72C9E826D538}.Debug|Any CPU.ActiveCfg = Debug|Any CPU
		{C707D366-5595-4472-A45B-72C9E826D538}.Debug|Any CPU.Build.0 = Debug|Any CPU
		{C707D366-5595-4472-A45B-72C9E826D538}.Release|Any CPU.ActiveCfg = Release|Any CPU
		{C707D366-5595-4472-A45B-72C9E826D538}.Release|Any CPU.Build.0 = Release|Any CPU
		{E587D267-EC89-4541-B949-06501CF5C955}.Debug|Any CPU.ActiveCfg = Debug|Any CPU
		{E587D267-EC89-4541-B949-06501CF5C955}.Debug|Any CPU.Build.0 = Debug|Any CPU
		{E587D267-EC89-4541-B949-06501CF5C955}.Release|Any CPU.ActiveCfg = Release|Any CPU
		{E587D267-EC89-4541-B949-06501CF5C955}.Release|Any CPU.Build.0 = Release|Any CPU
		{499C8C21-8DD3-4D23-848F-A8A222C1DE3A}.Debug|Any CPU.ActiveCfg = Debug|Any CPU
		{499C8C21-8DD3-4D23-848F-A8A222C1DE3A}.Debug|Any CPU.Build.0 = Debug|Any CPU
		{499C8C21-8DD3-4D23-848F-A8A222C1DE3A}.Release|Any CPU.ActiveCfg = Release|Any CPU
		{499C8C21-8DD3-4D23-848F-A8A222C1DE3A}.Release|Any CPU.Build.0 = Release|Any CPU
	EndGlobalSection
	GlobalSection(SolutionProperties) = preSolution
		HideSolutionNode = FALSE
	EndGlobalSection
EndGlobal
